// !$*UTF8*$!
{
	archiveVersion = 1;
	classes = {
	};
	objectVersion = 77;
	objects = {

/* Begin PBXBuildFile section */
		FE9E58362EB1B69F00A8B23C /* WidgetKit.framework in Frameworks */ = {isa = PBXBuildFile; fileRef = FE9E58352EB1B69F00A8B23C /* WidgetKit.framework */; };
		FE9E58382EB1B69F00A8B23C /* SwiftUI.framework in Frameworks */ = {isa = PBXBuildFile; fileRef = FE9E58372EB1B69F00A8B23C /* SwiftUI.framework */; };
		FE9E58432EB1B6A100A8B23C /* BasicWidgetExtension.appex in Embed Foundation Extensions */ = {isa = PBXBuildFile; fileRef = FE9E58332EB1B69F00A8B23C /* BasicWidgetExtension.appex */; settings = {ATTRIBUTES = (RemoveHeadersOnCopy, ); }; };
		FE9E584E2EB1B70C00A8B23C /* WidgetKit.framework in Frameworks */ = {isa = PBXBuildFile; fileRef = FE9E58352EB1B69F00A8B23C /* WidgetKit.framework */; };
		FE9E584F2EB1B70C00A8B23C /* SwiftUI.framework in Frameworks */ = {isa = PBXBuildFile; fileRef = FE9E58372EB1B69F00A8B23C /* SwiftUI.framework */; };
		FE9E585C2EB1B70D00A8B23C /* BasicIntentWidgetExtension.appex in Embed Foundation Extensions */ = {isa = PBXBuildFile; fileRef = FE9E584D2EB1B70C00A8B23C /* BasicIntentWidgetExtension.appex */; settings = {ATTRIBUTES = (RemoveHeadersOnCopy, ); }; };
/* End PBXBuildFile section */

/* Begin PBXContainerItemProxy section */
		FE9E58412EB1B6A100A8B23C /* PBXContainerItemProxy */ = {
			isa = PBXContainerItemProxy;
			containerPortal = FE0E824C2EA5C71700911E05 /* Project object */;
			proxyType = 1;
			remoteGlobalIDString = FE9E58322EB1B69F00A8B23C;
			remoteInfo = BasicWidgetExtension;
		};
		FE9E585A2EB1B70D00A8B23C /* PBXContainerItemProxy */ = {
			isa = PBXContainerItemProxy;
			containerPortal = FE0E824C2EA5C71700911E05 /* Project object */;
			proxyType = 1;
			remoteGlobalIDString = FE9E584C2EB1B70C00A8B23C;
			remoteInfo = BasicIntentWidgetExtension;
		};
/* End PBXContainerItemProxy section */

/* Begin PBXCopyFilesBuildPhase section */
		FE9E58482EB1B6A100A8B23C /* Embed Foundation Extensions */ = {
			isa = PBXCopyFilesBuildPhase;
			buildActionMask = 2147483647;
			dstPath = "";
			dstSubfolderSpec = 13;
			files = (
				FE9E585C2EB1B70D00A8B23C /* BasicIntentWidgetExtension.appex in Embed Foundation Extensions */,
				FE9E58432EB1B6A100A8B23C /* BasicWidgetExtension.appex in Embed Foundation Extensions */,
			);
			name = "Embed Foundation Extensions";
			runOnlyForDeploymentPostprocessing = 0;
		};
/* End PBXCopyFilesBuildPhase section */

/* Begin PBXFileReference section */
		FE0E82542EA5C71700911E05 /* SeSAC7SwiftUI.app */ = {isa = PBXFileReference; explicitFileType = wrapper.application; includeInIndex = 0; path = SeSAC7SwiftUI.app; sourceTree = BUILT_PRODUCTS_DIR; };
		FE6B75B12EB335B80047F2E1 /* BasicWidgetExtension.entitlements */ = {isa = PBXFileReference; lastKnownFileType = text.plist.entitlements; path = BasicWidgetExtension.entitlements; sourceTree = "<group>"; };
		FE9E58332EB1B69F00A8B23C /* BasicWidgetExtension.appex */ = {isa = PBXFileReference; explicitFileType = "wrapper.app-extension"; includeInIndex = 0; path = BasicWidgetExtension.appex; sourceTree = BUILT_PRODUCTS_DIR; };
		FE9E58352EB1B69F00A8B23C /* WidgetKit.framework */ = {isa = PBXFileReference; lastKnownFileType = wrapper.framework; name = WidgetKit.framework; path = System/Library/Frameworks/WidgetKit.framework; sourceTree = SDKROOT; };
		FE9E58372EB1B69F00A8B23C /* SwiftUI.framework */ = {isa = PBXFileReference; lastKnownFileType = wrapper.framework; name = SwiftUI.framework; path = System/Library/Frameworks/SwiftUI.framework; sourceTree = SDKROOT; };
		FE9E584D2EB1B70C00A8B23C /* BasicIntentWidgetExtension.appex */ = {isa = PBXFileReference; explicitFileType = "wrapper.app-extension"; includeInIndex = 0; path = BasicIntentWidgetExtension.appex; sourceTree = BUILT_PRODUCTS_DIR; };
/* End PBXFileReference section */

/* Begin PBXFileSystemSynchronizedBuildFileExceptionSet section */
		FE6B75B72EB337120047F2E1 /* Exceptions for "SeSAC7SwiftUI" folder in "BasicWidgetExtension" target */ = {
			isa = PBXFileSystemSynchronizedBuildFileExceptionSet;
			membershipExceptions = (
				SharedUserDefaults.swift,
			);
			target = FE9E58322EB1B69F00A8B23C /* BasicWidgetExtension */;
		};
		FE9E58442EB1B6A100A8B23C /* Exceptions for "BasicWidget" folder in "BasicWidgetExtension" target */ = {
			isa = PBXFileSystemSynchronizedBuildFileExceptionSet;
			membershipExceptions = (
				Info.plist,
			);
			target = FE9E58322EB1B69F00A8B23C /* BasicWidgetExtension */;
		};
		FE9E585D2EB1B70D00A8B23C /* Exceptions for "BasicIntentWidget" folder in "BasicIntentWidgetExtension" target */ = {
			isa = PBXFileSystemSynchronizedBuildFileExceptionSet;
			membershipExceptions = (
				Info.plist,
			);
			target = FE9E584C2EB1B70C00A8B23C /* BasicIntentWidgetExtension */;
		};
/* End PBXFileSystemSynchronizedBuildFileExceptionSet section */

/* Begin PBXFileSystemSynchronizedRootGroup section */
		FE0E82562EA5C71700911E05 /* SeSAC7SwiftUI */ = {
			isa = PBXFileSystemSynchronizedRootGroup;
			exceptions = (
				FE6B75B72EB337120047F2E1 /* Exceptions for "SeSAC7SwiftUI" folder in "BasicWidgetExtension" target */,
			);
			path = SeSAC7SwiftUI;
			sourceTree = "<group>";
		};
		FE9E58392EB1B69F00A8B23C /* BasicWidget */ = {
			isa = PBXFileSystemSynchronizedRootGroup;
			exceptions = (
				FE9E58442EB1B6A100A8B23C /* Exceptions for "BasicWidget" folder in "BasicWidgetExtension" target */,
			);
			path = BasicWidget;
			sourceTree = "<group>";
		};
		FE9E58502EB1B70C00A8B23C /* BasicIntentWidget */ = {
			isa = PBXFileSystemSynchronizedRootGroup;
			exceptions = (
				FE9E585D2EB1B70D00A8B23C /* Exceptions for "BasicIntentWidget" folder in "BasicIntentWidgetExtension" target */,
			);
			path = BasicIntentWidget;
			sourceTree = "<group>";
		};
/* End PBXFileSystemSynchronizedRootGroup section */

/* Begin PBXFrameworksBuildPhase section */
		FE0E82512EA5C71700911E05 /* Frameworks */ = {
			isa = PBXFrameworksBuildPhase;
			buildActionMask = 2147483647;
			files = (
			);
			runOnlyForDeploymentPostprocessing = 0;
		};
		FE9E58302EB1B69F00A8B23C /* Frameworks */ = {
			isa = PBXFrameworksBuildPhase;
			buildActionMask = 2147483647;
			files = (
				FE9E58382EB1B69F00A8B23C /* SwiftUI.framework in Frameworks */,
				FE9E58362EB1B69F00A8B23C /* WidgetKit.framework in Frameworks */,
			);
			runOnlyForDeploymentPostprocessing = 0;
		};
		FE9E584A2EB1B70C00A8B23C /* Frameworks */ = {
			isa = PBXFrameworksBuildPhase;
			buildActionMask = 2147483647;
			files = (
				FE9E584F2EB1B70C00A8B23C /* SwiftUI.framework in Frameworks */,
				FE9E584E2EB1B70C00A8B23C /* WidgetKit.framework in Frameworks */,
			);
			runOnlyForDeploymentPostprocessing = 0;
		};
/* End PBXFrameworksBuildPhase section */

/* Begin PBXGroup section */
		FE0E824B2EA5C71700911E05 = {
			isa = PBXGroup;
			children = (
				FE6B75B12EB335B80047F2E1 /* BasicWidgetExtension.entitlements */,
				FE0E82562EA5C71700911E05 /* SeSAC7SwiftUI */,
				FE9E58392EB1B69F00A8B23C /* BasicWidget */,
				FE9E58502EB1B70C00A8B23C /* BasicIntentWidget */,
				FE9E58342EB1B69F00A8B23C /* Frameworks */,
				FE0E82552EA5C71700911E05 /* Products */,
			);
			sourceTree = "<group>";
		};
		FE0E82552EA5C71700911E05 /* Products */ = {
			isa = PBXGroup;
			children = (
				FE0E82542EA5C71700911E05 /* SeSAC7SwiftUI.app */,
				FE9E58332EB1B69F00A8B23C /* BasicWidgetExtension.appex */,
				FE9E584D2EB1B70C00A8B23C /* BasicIntentWidgetExtension.appex */,
			);
			name = Products;
			sourceTree = "<group>";
		};
		FE9E58342EB1B69F00A8B23C /* Frameworks */ = {
			isa = PBXGroup;
			children = (
				FE9E58352EB1B69F00A8B23C /* WidgetKit.framework */,
				FE9E58372EB1B69F00A8B23C /* SwiftUI.framework */,
			);
			name = Frameworks;
			sourceTree = "<group>";
		};
/* End PBXGroup section */

/* Begin PBXNativeTarget section */
		FE0E82532EA5C71700911E05 /* SeSAC7SwiftUI */ = {
			isa = PBXNativeTarget;
			buildConfigurationList = FE0E825F2EA5C71800911E05 /* Build configuration list for PBXNativeTarget "SeSAC7SwiftUI" */;
			buildPhases = (
				FE0E82502EA5C71700911E05 /* Sources */,
				FE0E82512EA5C71700911E05 /* Frameworks */,
				FE0E82522EA5C71700911E05 /* Resources */,
				FE9E58482EB1B6A100A8B23C /* Embed Foundation Extensions */,
			);
			buildRules = (
			);
			dependencies = (
				FE9E58422EB1B6A100A8B23C /* PBXTargetDependency */,
				FE9E585B2EB1B70D00A8B23C /* PBXTargetDependency */,
			);
			fileSystemSynchronizedGroups = (
				FE0E82562EA5C71700911E05 /* SeSAC7SwiftUI */,
			);
			name = SeSAC7SwiftUI;
			packageProductDependencies = (
			);
			productName = SeSAC7SwiftUI;
			productReference = FE0E82542EA5C71700911E05 /* SeSAC7SwiftUI.app */;
			productType = "com.apple.product-type.application";
		};
		FE9E58322EB1B69F00A8B23C /* BasicWidgetExtension */ = {
			isa = PBXNativeTarget;
			buildConfigurationList = FE9E58452EB1B6A100A8B23C /* Build configuration list for PBXNativeTarget "BasicWidgetExtension" */;
			buildPhases = (
				FE9E582F2EB1B69F00A8B23C /* Sources */,
				FE9E58302EB1B69F00A8B23C /* Frameworks */,
				FE9E58312EB1B69F00A8B23C /* Resources */,
			);
			buildRules = (
			);
			dependencies = (
			);
			fileSystemSynchronizedGroups = (
				FE9E58392EB1B69F00A8B23C /* BasicWidget */,
			);
			name = BasicWidgetExtension;
			packageProductDependencies = (
			);
			productName = BasicWidgetExtension;
			productReference = FE9E58332EB1B69F00A8B23C /* BasicWidgetExtension.appex */;
			productType = "com.apple.product-type.app-extension";
		};
		FE9E584C2EB1B70C00A8B23C /* BasicIntentWidgetExtension */ = {
			isa = PBXNativeTarget;
			buildConfigurationList = FE9E585E2EB1B70D00A8B23C /* Build configuration list for PBXNativeTarget "BasicIntentWidgetExtension" */;
			buildPhases = (
				FE9E58492EB1B70C00A8B23C /* Sources */,
				FE9E584A2EB1B70C00A8B23C /* Frameworks */,
				FE9E584B2EB1B70C00A8B23C /* Resources */,
			);
			buildRules = (
			);
			dependencies = (
			);
			fileSystemSynchronizedGroups = (
				FE9E58502EB1B70C00A8B23C /* BasicIntentWidget */,
			);
			name = BasicIntentWidgetExtension;
			packageProductDependencies = (
			);
			productName = BasicIntentWidgetExtension;
			productReference = FE9E584D2EB1B70C00A8B23C /* BasicIntentWidgetExtension.appex */;
			productType = "com.apple.product-type.app-extension";
		};
/* End PBXNativeTarget section */

/* Begin PBXProject section */
		FE0E824C2EA5C71700911E05 /* Project object */ = {
			isa = PBXProject;
			attributes = {
				BuildIndependentTargetsInParallel = 1;
				LastSwiftUpdateCheck = 2600;
				LastUpgradeCheck = 2600;
				TargetAttributes = {
					FE0E82532EA5C71700911E05 = {
						CreatedOnToolsVersion = 26.0.1;
					};
					FE9E58322EB1B69F00A8B23C = {
						CreatedOnToolsVersion = 26.0.1;
					};
					FE9E584C2EB1B70C00A8B23C = {
						CreatedOnToolsVersion = 26.0.1;
					};
				};
			};
			buildConfigurationList = FE0E824F2EA5C71700911E05 /* Build configuration list for PBXProject "SeSAC7SwiftUI" */;
			developmentRegion = en;
			hasScannedForEncodings = 0;
			knownRegions = (
				en,
				Base,
			);
			mainGroup = FE0E824B2EA5C71700911E05;
			minimizedProjectReferenceProxies = 1;
			preferredProjectObjectVersion = 77;
			productRefGroup = FE0E82552EA5C71700911E05 /* Products */;
			projectDirPath = "";
			projectRoot = "";
			targets = (
				FE0E82532EA5C71700911E05 /* SeSAC7SwiftUI */,
				FE9E58322EB1B69F00A8B23C /* BasicWidgetExtension */,
				FE9E584C2EB1B70C00A8B23C /* BasicIntentWidgetExtension */,
			);
		};
/* End PBXProject section */

/* Begin PBXResourcesBuildPhase section */
		FE0E82522EA5C71700911E05 /* Resources */ = {
			isa = PBXResourcesBuildPhase;
			buildActionMask = 2147483647;
			files = (
			);
			runOnlyForDeploymentPostprocessing = 0;
		};
		FE9E58312EB1B69F00A8B23C /* Resources */ = {
			isa = PBXResourcesBuildPhase;
			buildActionMask = 2147483647;
			files = (
			);
			runOnlyForDeploymentPostprocessing = 0;
		};
		FE9E584B2EB1B70C00A8B23C /* Resources */ = {
			isa = PBXResourcesBuildPhase;
			buildActionMask = 2147483647;
			files = (
			);
			runOnlyForDeploymentPostprocessing = 0;
		};
/* End PBXResourcesBuildPhase section */

/* Begin PBXSourcesBuildPhase section */
		FE0E82502EA5C71700911E05 /* Sources */ = {
			isa = PBXSourcesBuildPhase;
			buildActionMask = 2147483647;
			files = (
			);
			runOnlyForDeploymentPostprocessing = 0;
		};
		FE9E582F2EB1B69F00A8B23C /* Sources */ = {
			isa = PBXSourcesBuildPhase;
			buildActionMask = 2147483647;
			files = (
			);
			runOnlyForDeploymentPostprocessing = 0;
		};
		FE9E58492EB1B70C00A8B23C /* Sources */ = {
			isa = PBXSourcesBuildPhase;
			buildActionMask = 2147483647;
			files = (
			);
			runOnlyForDeploymentPostprocessing = 0;
		};
/* End PBXSourcesBuildPhase section */

/* Begin PBXTargetDependency section */
		FE9E58422EB1B6A100A8B23C /* PBXTargetDependency */ = {
			isa = PBXTargetDependency;
			target = FE9E58322EB1B69F00A8B23C /* BasicWidgetExtension */;
			targetProxy = FE9E58412EB1B6A100A8B23C /* PBXContainerItemProxy */;
		};
		FE9E585B2EB1B70D00A8B23C /* PBXTargetDependency */ = {
			isa = PBXTargetDependency;
			target = FE9E584C2EB1B70C00A8B23C /* BasicIntentWidgetExtension */;
			targetProxy = FE9E585A2EB1B70D00A8B23C /* PBXContainerItemProxy */;
		};
/* End PBXTargetDependency section */

/* Begin XCBuildConfiguration section */
		FE0E825D2EA5C71800911E05 /* Debug */ = {
			isa = XCBuildConfiguration;
			buildSettings = {
				ALWAYS_SEARCH_USER_PATHS = NO;
				ASSETCATALOG_COMPILER_GENERATE_SWIFT_ASSET_SYMBOL_EXTENSIONS = YES;
				CLANG_ANALYZER_NONNULL = YES;
				CLANG_ANALYZER_NUMBER_OBJECT_CONVERSION = YES_AGGRESSIVE;
				CLANG_CXX_LANGUAGE_STANDARD = "gnu++20";
				CLANG_ENABLE_MODULES = YES;
				CLANG_ENABLE_OBJC_ARC = YES;
				CLANG_ENABLE_OBJC_WEAK = YES;
				CLANG_WARN_BLOCK_CAPTURE_AUTORELEASING = YES;
				CLANG_WARN_BOOL_CONVERSION = YES;
				CLANG_WARN_COMMA = YES;
				CLANG_WARN_CONSTANT_CONVERSION = YES;
				CLANG_WARN_DEPRECATED_OBJC_IMPLEMENTATIONS = YES;
				CLANG_WARN_DIRECT_OBJC_ISA_USAGE = YES_ERROR;
				CLANG_WARN_DOCUMENTATION_COMMENTS = YES;
				CLANG_WARN_EMPTY_BODY = YES;
				CLANG_WARN_ENUM_CONVERSION = YES;
				CLANG_WARN_INFINITE_RECURSION = YES;
				CLANG_WARN_INT_CONVERSION = YES;
				CLANG_WARN_NON_LITERAL_NULL_CONVERSION = YES;
				CLANG_WARN_OBJC_IMPLICIT_RETAIN_SELF = YES;
				CLANG_WARN_OBJC_LITERAL_CONVERSION = YES;
				CLANG_WARN_OBJC_ROOT_CLASS = YES_ERROR;
				CLANG_WARN_QUOTED_INCLUDE_IN_FRAMEWORK_HEADER = YES;
				CLANG_WARN_RANGE_LOOP_ANALYSIS = YES;
				CLANG_WARN_STRICT_PROTOTYPES = YES;
				CLANG_WARN_SUSPICIOUS_MOVE = YES;
				CLANG_WARN_UNGUARDED_AVAILABILITY = YES_AGGRESSIVE;
				CLANG_WARN_UNREACHABLE_CODE = YES;
				CLANG_WARN__DUPLICATE_METHOD_MATCH = YES;
				COPY_PHASE_STRIP = NO;
				DEBUG_INFORMATION_FORMAT = dwarf;
				ENABLE_STRICT_OBJC_MSGSEND = YES;
				ENABLE_TESTABILITY = YES;
				ENABLE_USER_SCRIPT_SANDBOXING = YES;
				GCC_C_LANGUAGE_STANDARD = gnu17;
				GCC_DYNAMIC_NO_PIC = NO;
				GCC_NO_COMMON_BLOCKS = YES;
				GCC_OPTIMIZATION_LEVEL = 0;
				GCC_PREPROCESSOR_DEFINITIONS = (
					"DEBUG=1",
					"$(inherited)",
				);
				GCC_WARN_64_TO_32_BIT_CONVERSION = YES;
				GCC_WARN_ABOUT_RETURN_TYPE = YES_ERROR;
				GCC_WARN_UNDECLARED_SELECTOR = YES;
				GCC_WARN_UNINITIALIZED_AUTOS = YES_AGGRESSIVE;
				GCC_WARN_UNUSED_FUNCTION = YES;
				GCC_WARN_UNUSED_VARIABLE = YES;
				IPHONEOS_DEPLOYMENT_TARGET = 26.0;
				LOCALIZATION_PREFERS_STRING_CATALOGS = YES;
				MTL_ENABLE_DEBUG_INFO = INCLUDE_SOURCE;
				MTL_FAST_MATH = YES;
				ONLY_ACTIVE_ARCH = YES;
				SDKROOT = iphoneos;
				SWIFT_ACTIVE_COMPILATION_CONDITIONS = "DEBUG $(inherited)";
				SWIFT_OPTIMIZATION_LEVEL = "-Onone";
			};
			name = Debug;
		};
		FE0E825E2EA5C71800911E05 /* Release */ = {
			isa = XCBuildConfiguration;
			buildSettings = {
				ALWAYS_SEARCH_USER_PATHS = NO;
				ASSETCATALOG_COMPILER_GENERATE_SWIFT_ASSET_SYMBOL_EXTENSIONS = YES;
				CLANG_ANALYZER_NONNULL = YES;
				CLANG_ANALYZER_NUMBER_OBJECT_CONVERSION = YES_AGGRESSIVE;
				CLANG_CXX_LANGUAGE_STANDARD = "gnu++20";
				CLANG_ENABLE_MODULES = YES;
				CLANG_ENABLE_OBJC_ARC = YES;
				CLANG_ENABLE_OBJC_WEAK = YES;
				CLANG_WARN_BLOCK_CAPTURE_AUTORELEASING = YES;
				CLANG_WARN_BOOL_CONVERSION = YES;
				CLANG_WARN_COMMA = YES;
				CLANG_WARN_CONSTANT_CONVERSION = YES;
				CLANG_WARN_DEPRECATED_OBJC_IMPLEMENTATIONS = YES;
				CLANG_WARN_DIRECT_OBJC_ISA_USAGE = YES_ERROR;
				CLANG_WARN_DOCUMENTATION_COMMENTS = YES;
				CLANG_WARN_EMPTY_BODY = YES;
				CLANG_WARN_ENUM_CONVERSION = YES;
				CLANG_WARN_INFINITE_RECURSION = YES;
				CLANG_WARN_INT_CONVERSION = YES;
				CLANG_WARN_NON_LITERAL_NULL_CONVERSION = YES;
				CLANG_WARN_OBJC_IMPLICIT_RETAIN_SELF = YES;
				CLANG_WARN_OBJC_LITERAL_CONVERSION = YES;
				CLANG_WARN_OBJC_ROOT_CLASS = YES_ERROR;
				CLANG_WARN_QUOTED_INCLUDE_IN_FRAMEWORK_HEADER = YES;
				CLANG_WARN_RANGE_LOOP_ANALYSIS = YES;
				CLANG_WARN_STRICT_PROTOTYPES = YES;
				CLANG_WARN_SUSPICIOUS_MOVE = YES;
				CLANG_WARN_UNGUARDED_AVAILABILITY = YES_AGGRESSIVE;
				CLANG_WARN_UNREACHABLE_CODE = YES;
				CLANG_WARN__DUPLICATE_METHOD_MATCH = YES;
				COPY_PHASE_STRIP = NO;
				DEBUG_INFORMATION_FORMAT = "dwarf-with-dsym";
				ENABLE_NS_ASSERTIONS = NO;
				ENABLE_STRICT_OBJC_MSGSEND = YES;
				ENABLE_USER_SCRIPT_SANDBOXING = YES;
				GCC_C_LANGUAGE_STANDARD = gnu17;
				GCC_NO_COMMON_BLOCKS = YES;
				GCC_WARN_64_TO_32_BIT_CONVERSION = YES;
				GCC_WARN_ABOUT_RETURN_TYPE = YES_ERROR;
				GCC_WARN_UNDECLARED_SELECTOR = YES;
				GCC_WARN_UNINITIALIZED_AUTOS = YES_AGGRESSIVE;
				GCC_WARN_UNUSED_FUNCTION = YES;
				GCC_WARN_UNUSED_VARIABLE = YES;
				IPHONEOS_DEPLOYMENT_TARGET = 26.0;
				LOCALIZATION_PREFERS_STRING_CATALOGS = YES;
				MTL_ENABLE_DEBUG_INFO = NO;
				MTL_FAST_MATH = YES;
				SDKROOT = iphoneos;
				SWIFT_COMPILATION_MODE = wholemodule;
				VALIDATE_PRODUCT = YES;
			};
			name = Release;
		};
		FE0E82602EA5C71800911E05 /* Debug */ = {
			isa = XCBuildConfiguration;
			buildSettings = {
				ASSETCATALOG_COMPILER_APPICON_NAME = AppIcon;
				ASSETCATALOG_COMPILER_GLOBAL_ACCENT_COLOR_NAME = AccentColor;
				CODE_SIGN_ENTITLEMENTS = SeSAC7SwiftUI/SeSAC7SwiftUI.entitlements;
				CODE_SIGN_STYLE = Automatic;
				CURRENT_PROJECT_VERSION = 1;
				DEVELOPMENT_TEAM = L3KYP426WW;
				ENABLE_PREVIEWS = YES;
				GENERATE_INFOPLIST_FILE = YES;
				INFOPLIST_KEY_UIApplicationSceneManifest_Generation = YES;
				INFOPLIST_KEY_UIApplicationSupportsIndirectInputEvents = YES;
				INFOPLIST_KEY_UILaunchScreen_Generation = YES;
				INFOPLIST_KEY_UISupportedInterfaceOrientations_iPad = "UIInterfaceOrientationPortrait UIInterfaceOrientationPortraitUpsideDown UIInterfaceOrientationLandscapeLeft UIInterfaceOrientationLandscapeRight";
				INFOPLIST_KEY_UISupportedInterfaceOrientations_iPhone = "UIInterfaceOrientationPortrait UIInterfaceOrientationLandscapeLeft UIInterfaceOrientationLandscapeRight";
				LD_RUNPATH_SEARCH_PATHS = (
					"$(inherited)",
					"@executable_path/Frameworks",
				);
				MARKETING_VERSION = 1.0;
				PRODUCT_BUNDLE_IDENTIFIER = com.andev.SeSAC7SwiftUI;
				PRODUCT_NAME = "$(TARGET_NAME)";
				STRING_CATALOG_GENERATE_SYMBOLS = YES;
				SWIFT_APPROACHABLE_CONCURRENCY = YES;
				SWIFT_DEFAULT_ACTOR_ISOLATION = nonisolated;
				SWIFT_EMIT_LOC_STRINGS = YES;
				SWIFT_UPCOMING_FEATURE_MEMBER_IMPORT_VISIBILITY = YES;
				SWIFT_VERSION = 5.0;
				TARGETED_DEVICE_FAMILY = "1,2";
			};
			name = Debug;
		};
		FE0E82612EA5C71800911E05 /* Release */ = {
			isa = XCBuildConfiguration;
			buildSettings = {
				ASSETCATALOG_COMPILER_APPICON_NAME = AppIcon;
				ASSETCATALOG_COMPILER_GLOBAL_ACCENT_COLOR_NAME = AccentColor;
				CODE_SIGN_ENTITLEMENTS = SeSAC7SwiftUI/SeSAC7SwiftUI.entitlements;
				CODE_SIGN_STYLE = Automatic;
				CURRENT_PROJECT_VERSION = 1;
				DEVELOPMENT_TEAM = L3KYP426WW;
				ENABLE_PREVIEWS = YES;
				GENERATE_INFOPLIST_FILE = YES;
				INFOPLIST_KEY_UIApplicationSceneManifest_Generation = YES;
				INFOPLIST_KEY_UIApplicationSupportsIndirectInputEvents = YES;
				INFOPLIST_KEY_UILaunchScreen_Generation = YES;
				INFOPLIST_KEY_UISupportedInterfaceOrientations_iPad = "UIInterfaceOrientationPortrait UIInterfaceOrientationPortraitUpsideDown UIInterfaceOrientationLandscapeLeft UIInterfaceOrientationLandscapeRight";
				INFOPLIST_KEY_UISupportedInterfaceOrientations_iPhone = "UIInterfaceOrientationPortrait UIInterfaceOrientationLandscapeLeft UIInterfaceOrientationLandscapeRight";
				LD_RUNPATH_SEARCH_PATHS = (
					"$(inherited)",
					"@executable_path/Frameworks",
				);
				MARKETING_VERSION = 1.0;
				PRODUCT_BUNDLE_IDENTIFIER = com.andev.SeSAC7SwiftUI;
				PRODUCT_NAME = "$(TARGET_NAME)";
				STRING_CATALOG_GENERATE_SYMBOLS = YES;
				SWIFT_APPROACHABLE_CONCURRENCY = YES;
				SWIFT_DEFAULT_ACTOR_ISOLATION = nonisolated;
				SWIFT_EMIT_LOC_STRINGS = YES;
				SWIFT_UPCOMING_FEATURE_MEMBER_IMPORT_VISIBILITY = YES;
				SWIFT_VERSION = 5.0;
				TARGETED_DEVICE_FAMILY = "1,2";
			};
			name = Release;
		};
		FE9E58462EB1B6A100A8B23C /* Debug */ = {
			isa = XCBuildConfiguration;
			buildSettings = {
				ASSETCATALOG_COMPILER_GLOBAL_ACCENT_COLOR_NAME = AccentColor;
				ASSETCATALOG_COMPILER_WIDGET_BACKGROUND_COLOR_NAME = WidgetBackground;
				CODE_SIGN_ENTITLEMENTS = BasicWidgetExtension.entitlements;
				CODE_SIGN_STYLE = Automatic;
				CURRENT_PROJECT_VERSION = 1;
				DEVELOPMENT_TEAM = L3KYP426WW;
				GENERATE_INFOPLIST_FILE = YES;
				INFOPLIST_FILE = BasicWidget/Info.plist;
				INFOPLIST_KEY_CFBundleDisplayName = BasicWidget;
				INFOPLIST_KEY_NSHumanReadableCopyright = "";
				LD_RUNPATH_SEARCH_PATHS = (
					"$(inherited)",
					"@executable_path/Frameworks",
					"@executable_path/../../Frameworks",
				);
				MARKETING_VERSION = 1.0;
				PRODUCT_BUNDLE_IDENTIFIER = com.andev.SeSAC7SwiftUI.BasicWidget;
				PRODUCT_NAME = "$(TARGET_NAME)";
				SKIP_INSTALL = YES;
				STRING_CATALOG_GENERATE_SYMBOLS = YES;
				SWIFT_APPROACHABLE_CONCURRENCY = YES;
				SWIFT_EMIT_LOC_STRINGS = YES;
				SWIFT_UPCOMING_FEATURE_MEMBER_IMPORT_VISIBILITY = YES;
				SWIFT_VERSION = 5.0;
				TARGETED_DEVICE_FAMILY = "1,2";
			};
			name = Debug;
		};
		FE9E58472EB1B6A100A8B23C /* Release */ = {
			isa = XCBuildConfiguration;
			buildSettings = {
				ASSETCATALOG_COMPILER_GLOBAL_ACCENT_COLOR_NAME = AccentColor;
				ASSETCATALOG_COMPILER_WIDGET_BACKGROUND_COLOR_NAME = WidgetBackground;
				CODE_SIGN_ENTITLEMENTS = BasicWidgetExtension.entitlements;
				CODE_SIGN_STYLE = Automatic;
				CURRENT_PROJECT_VERSION = 1;
				DEVELOPMENT_TEAM = L3KYP426WW;
				GENERATE_INFOPLIST_FILE = YES;
				INFOPLIST_FILE = BasicWidget/Info.plist;
				INFOPLIST_KEY_CFBundleDisplayName = BasicWidget;
				INFOPLIST_KEY_NSHumanReadableCopyright = "";
				LD_RUNPATH_SEARCH_PATHS = (
					"$(inherited)",
					"@executable_path/Frameworks",
					"@executable_path/../../Frameworks",
				);
				MARKETING_VERSION = 1.0;
				PRODUCT_BUNDLE_IDENTIFIER = com.andev.SeSAC7SwiftUI.BasicWidget;
				PRODUCT_NAME = "$(TARGET_NAME)";
				SKIP_INSTALL = YES;
				STRING_CATALOG_GENERATE_SYMBOLS = YES;
				SWIFT_APPROACHABLE_CONCURRENCY = YES;
				SWIFT_EMIT_LOC_STRINGS = YES;
				SWIFT_UPCOMING_FEATURE_MEMBER_IMPORT_VISIBILITY = YES;
				SWIFT_VERSION = 5.0;
				TARGETED_DEVICE_FAMILY = "1,2";
			};
			name = Release;
		};
		FE9E585F2EB1B70D00A8B23C /* Debug */ = {
			isa = XCBuildConfiguration;
			buildSettings = {
				ASSETCATALOG_COMPILER_GLOBAL_ACCENT_COLOR_NAME = AccentColor;
				ASSETCATALOG_COMPILER_WIDGET_BACKGROUND_COLOR_NAME = WidgetBackground;
				CODE_SIGN_STYLE = Automatic;
				CURRENT_PROJECT_VERSION = 1;
				GENERATE_INFOPLIST_FILE = YES;
				INFOPLIST_FILE = BasicIntentWidget/Info.plist;
				INFOPLIST_KEY_CFBundleDisplayName = BasicIntentWidget;
				INFOPLIST_KEY_NSHumanReadableCopyright = "";
				LD_RUNPATH_SEARCH_PATHS = (
					"$(inherited)",
					"@executable_path/Frameworks",
					"@executable_path/../../Frameworks",
				);
				MARKETING_VERSION = 1.0;
				PRODUCT_BUNDLE_IDENTIFIER = com.andev.SeSAC7SwiftUI.BasicIntentWidget;
				PRODUCT_NAME = "$(TARGET_NAME)";
				SKIP_INSTALL = YES;
				STRING_CATALOG_GENERATE_SYMBOLS = YES;
				SWIFT_APPROACHABLE_CONCURRENCY = YES;
				SWIFT_EMIT_LOC_STRINGS = YES;
				SWIFT_UPCOMING_FEATURE_MEMBER_IMPORT_VISIBILITY = YES;
				SWIFT_VERSION = 5.0;
				TARGETED_DEVICE_FAMILY = "1,2";
			};
			name = Debug;
		};
		FE9E58602EB1B70D00A8B23C /* Release */ = {
			isa = XCBuildConfiguration;
			buildSettings = {
				ASSETCATALOG_COMPILER_GLOBAL_ACCENT_COLOR_NAME = AccentColor;
				ASSETCATALOG_COMPILER_WIDGET_BACKGROUND_COLOR_NAME = WidgetBackground;
				CODE_SIGN_STYLE = Automatic;
				CURRENT_PROJECT_VERSION = 1;
				GENERATE_INFOPLIST_FILE = YES;
				INFOPLIST_FILE = BasicIntentWidget/Info.plist;
				INFOPLIST_KEY_CFBundleDisplayName = BasicIntentWidget;
				INFOPLIST_KEY_NSHumanReadableCopyright = "";
				LD_RUNPATH_SEARCH_PATHS = (
					"$(inherited)",
					"@executable_path/Frameworks",
					"@executable_path/../../Frameworks",
				);
				MARKETING_VERSION = 1.0;
				PRODUCT_BUNDLE_IDENTIFIER = com.andev.SeSAC7SwiftUI.BasicIntentWidget;
				PRODUCT_NAME = "$(TARGET_NAME)";
				SKIP_INSTALL = YES;
				STRING_CATALOG_GENERATE_SYMBOLS = YES;
				SWIFT_APPROACHABLE_CONCURRENCY = YES;
				SWIFT_EMIT_LOC_STRINGS = YES;
				SWIFT_UPCOMING_FEATURE_MEMBER_IMPORT_VISIBILITY = YES;
				SWIFT_VERSION = 5.0;
				TARGETED_DEVICE_FAMILY = "1,2";
			};
			name = Release;
		};
/* End XCBuildConfiguration section */

/* Begin XCConfigurationList section */
		FE0E824F2EA5C71700911E05 /* Build configuration list for PBXProject "SeSAC7SwiftUI" */ = {
			isa = XCConfigurationList;
			buildConfigurations = (
				FE0E825D2EA5C71800911E05 /* Debug */,
				FE0E825E2EA5C71800911E05 /* Release */,
			);
			defaultConfigurationIsVisible = 0;
			defaultConfigurationName = Release;
		};
		FE0E825F2EA5C71800911E05 /* Build configuration list for PBXNativeTarget "SeSAC7SwiftUI" */ = {
			isa = XCConfigurationList;
			buildConfigurations = (
				FE0E82602EA5C71800911E05 /* Debug */,
				FE0E82612EA5C71800911E05 /* Release */,
			);
			defaultConfigurationIsVisible = 0;
			defaultConfigurationName = Release;
		};
		FE9E58452EB1B6A100A8B23C /* Build configuration list for PBXNativeTarget "BasicWidgetExtension" */ = {
			isa = XCConfigurationList;
			buildConfigurations = (
				FE9E58462EB1B6A100A8B23C /* Debug */,
				FE9E58472EB1B6A100A8B23C /* Release */,
			);
			defaultConfigurationIsVisible = 0;
			defaultConfigurationName = Release;
		};
		FE9E585E2EB1B70D00A8B23C /* Build configuration list for PBXNativeTarget "BasicIntentWidgetExtension" */ = {
			isa = XCConfigurationList;
			buildConfigurations = (
				FE9E585F2EB1B70D00A8B23C /* Debug */,
				FE9E58602EB1B70D00A8B23C /* Release */,
			);
			defaultConfigurationIsVisible = 0;
			defaultConfigurationName = Release;
		};
/* End XCConfigurationList section */
	};
	rootObject = FE0E824C2EA5C71700911E05 /* Project object */;
}
